{
  "requires": true,
  "lockfileVersion": 1,
  "dependencies": {
    "@polymer/iron-flex-layout": {
      "version": "3.0.1",
      "resolved": "https://registry.npmjs.org/@polymer/iron-flex-layout/-/iron-flex-layout-3.0.1.tgz",
      "integrity": "sha512-7gB869czArF+HZcPTVSgvA7tXYFze9EKckvM95NB7SqYF+NnsQyhoXgKnpFwGyo95lUjUW9TFDLUwDXnCYFtkw==",
      "requires": {
        "@polymer/polymer": "^3.0.0"
      }
    },
    "@polymer/iron-icon": {
      "version": "3.0.1",
      "resolved": "https://registry.npmjs.org/@polymer/iron-icon/-/iron-icon-3.0.1.tgz",
      "integrity": "sha512-QLPwirk+UPZNaLnMew9VludXA4CWUCenRewgEcGYwdzVgDPCDbXxy6vRJjmweZobMQv/oVLppT2JZtJFnPxX6g==",
      "requires": {
        "@polymer/iron-flex-layout": "^3.0.0-pre.26",
        "@polymer/iron-meta": "^3.0.0-pre.26",
        "@polymer/polymer": "^3.0.0"
      }
    },
    "@polymer/iron-icons": {
      "version": "3.0.1",
      "resolved": "https://registry.npmjs.org/@polymer/iron-icons/-/iron-icons-3.0.1.tgz",
      "integrity": "sha512-xtEI8erH2GIBiF3QxEMyW81XuVjguu6Le5WjEEpX67qd9z7jjmc4T/ke3zRUlnDydex9p8ytcwVpMIKcyvjYAQ==",
      "requires": {
        "@polymer/iron-icon": "^3.0.0-pre.26",
        "@polymer/iron-iconset-svg": "^3.0.0-pre.26",
        "@polymer/polymer": "^3.0.0"
      }
    },
    "@polymer/iron-iconset-svg": {
      "version": "3.0.1",
      "resolved": "https://registry.npmjs.org/@polymer/iron-iconset-svg/-/iron-iconset-svg-3.0.1.tgz",
      "integrity": "sha512-XNwURbNHRw6u2fJe05O5fMYye6GSgDlDqCO+q6K1zAnKIrpgZwf2vTkBd5uCcZwsN0FyCB3mvNZx4jkh85dRDw==",
      "requires": {
        "@polymer/iron-meta": "^3.0.0-pre.26",
        "@polymer/polymer": "^3.0.0"
      }
    },
    "@polymer/iron-meta": {
      "version": "3.0.1",
      "resolved": "https://registry.npmjs.org/@polymer/iron-meta/-/iron-meta-3.0.1.tgz",
      "integrity": "sha512-pWguPugiLYmWFV9UWxLWzZ6gm4wBwQdDy4VULKwdHCqR7OP7u98h+XDdGZsSlDPv6qoryV/e3tGHlTIT0mbzJA==",
      "requires": {
        "@polymer/polymer": "^3.0.0"
      }
    },
    "@polymer/polymer": {
      "version": "3.1.0",
      "resolved": "https://registry.npmjs.org/@polymer/polymer/-/polymer-3.1.0.tgz",
      "integrity": "sha512-hwN8IMERsFATz/9dSMxYHL+84J9uBkPuuarxJWlTsppZ4CAYTZKnepBfNrKoyNsafBmA3yXBiiKPPf+fJtza7A==",
      "requires": {
        "@webcomponents/shadycss": "^1.5.2"
      }
    },
    "@webcomponents/shadycss": {
      "version": "1.9.0",
      "resolved": "https://registry.npmjs.org/@webcomponents/shadycss/-/shadycss-1.9.0.tgz",
      "integrity": "sha512-g8Xa+6RSEME4g/wLJW4YII0eq15rvXp76RxPAuv7hx+Bdoi7GzZJ/EoZOUfyIbqAsQbII1TcWD4/+Xhs5NcM1w=="
    },
    "@webcomponents/webcomponentsjs": {
      "version": "2.2.6",
      "resolved": "https://registry.npmjs.org/@webcomponents/webcomponentsjs/-/webcomponentsjs-2.2.6.tgz",
      "integrity": "sha512-TbuyV7hHIq4jMlvQ8pF3C6QNEqFeBX4be9AND5DO8UCRRYcZBpjl1yH9IChbebeWr1QNcK5WlZC3voAlQCdisQ==",
      "dev": true
    },
    "lit-element": {
      "version": "2.0.0-rc.5",
      "resolved": "https://registry.npmjs.org/lit-element/-/lit-element-2.0.0-rc.5.tgz",
      "integrity": "sha512-cMmWNWSFyYfXAd09bnqFhqDr5kuR/5guImD5ZRTk223EiBJaoo7naZnQngSYAMjgDn1CSbTE1LRtzviMS+g0RA==",
      "requires": {
        "lit-html": "^1.0.0-rc.2"
      }
    },
    "lit-html": {
      "version": "1.0.0-rc.2",
      "resolved": "https://registry.npmjs.org/lit-html/-/lit-html-1.0.0-rc.2.tgz",
      "integrity": "sha512-4bq34lhVmwWly1zBXicOBJLOwaWfjOVbchEEmFnZLuztxjh5wRd2WqV0URX8Q47MQ7PaIjn/eXyTRKsYhSAeRw=="
    }
  }
}
